
Microsoft Visual Studio Solution File, Format Version 12.00
# Visual Studio Version 17
VisualStudioVersion = 17.14.36221.1 d17.14
MinimumVisualStudioVersion = 10.0.40219.1
Project("{FAE04EC0-301F-11D3-BF4B-00C04F79EFBC}") = "DevCard_MVC", "DevCard_MVC\DevCard_MVC.csproj", "{D3A73D8E-91EA-410F-BB6F-314157529B97}"
EndProject
Global
	GlobalSection(SolutionConfigurationPlatforms) = preSolution
		Debug|Any CPU = Debug|Any CPU
		Release|Any CPU = Release|Any CPU
	EndGlobalSection
	GlobalSection(ProjectConfigurationPlatforms) = postSolution
		{D3A73D8E-91EA-410F-BB6F-314157529B97}.Debug|Any CPU.ActiveCfg = Debug|Any CPU
		{D3A73D8E-91EA-410F-BB6F-314157529B97}.Debug|Any CPU.Build.0 = Debug|Any CPU
		{D3A73D8E-91EA-410F-BB6F-314157529B97}.Release|Any CPU.ActiveCfg = Release|Any CPU
		{D3A73D8E-91EA-410F-BB6F-314157529B97}.Release|Any CPU.Build.0 = Release|Any CPU
	EndGlobalSection
	GlobalSection(SolutionProperties) = preSolution
		HideSolutionNode = FALSE
	EndGlobalSection
	GlobalSection(ExtensibilityGlobals) = postSolution
		SolutionGuid = {70BAE55A-C74B-4F45-8765-59BAEC5405DD}
	EndGlobalSection
EndGlobal
